# This file is automatically @generated by Cargo.
# It is not intended for manual editing.
version = 4

[[package]]
name = "fast-math"
version = "0.1.1"
source = "registry+https://github.com/rust-lang/crates.io-index"
checksum = "2465292146cdfc2011350fe3b1c616ac83cf0faeedb33463ba1c332ed8948d66"
dependencies = [
 "ieee754",
]

[[package]]
name = "fastrand"
version = "2.4.1"
source = "registry+https://github.com/rust-lang/crates.io-index"
checksum = "9f1f227452a390804cdb637b74a86990f2a7d7ba4b7d5693aac9b4dd6defd8d6"

[[package]]
name = "ieee754"
version = "0.2.6"
source = "registry+https://github.com/rust-lang/crates.io-index"
checksum = "9007da9cacbd3e6343da136e98b0d2df013f553d35bdec8b518f07bea768e19c"

[[package]]
name = "sparse-chess"
version = "0.1.0"
dependencies = [
 "fast-math",
 "fastrand",
]
